<?xml version="1.0" encoding="utf-8"?>
<Project ToolsVersion="4.0" xmlns="http://schemas.microsoft.com/developer/msbuild/2003">
  <ItemGroup>
    <Filter Include="Source Files">
      <UniqueIdentifier>{4FC737F1-C7A5-4376-A066-2A32D752A2FF}</UniqueIdentifier>
      <Extensions>cpp;c;cc;cxx;c++;cppm;ixx;def;odl;idl;hpj;bat;asm;asmx</Extensions>
    </Filter>
    <Filter Include="Header Files">
      <UniqueIdentifier>{93995380-89BD-4b04-88EB-625FBE52EBFB}</UniqueIdentifier>
      <Extensions>h;hh;hpp;hxx;h++;hm;inl;inc;ipp;xsd</Extensions>
    </Filter>
    <Filter Include="Resource Files">
      <UniqueIdentifier>{67DA6AB6-F800-4c08-8B7A-83BB121AAD01}</UniqueIdentifier>
      <Extensions>rc;ico;cur;bmp;dlg;rc2;rct;bin;rgs;gif;jpg;jpeg;jpe;resx;tiff;tif;png;wav;mfcribbon-ms</Extensions>
    </Filter>
    <Filter Include="Source Files\IPSolver">
      <UniqueIdentifier>{89634500-0868-483d-8ced-cef6f857cb2c}</UniqueIdentifier>
    </Filter>
    <Filter Include="Source Files\RunConfigurations">
      <UniqueIdentifier>{ab7af3a6-bfb3-46c6-80ab-a9200c8a2358}</UniqueIdentifier>
    </Filter>
  </ItemGroup>
  <ItemGroup>
    <ClInclude Include="IPSolver.h">
      <Filter>Header Files</Filter>
    </ClInclude>
    <ClInclude Include="KidneyExchange.h">
      <Filter>Header Files</Filter>
    </ClInclude>
    <ClInclude Include="LotteryDesigner.h">
      <Filter>Header Files</Filter>
    </ClInclude>
    <ClInclude Include="Run_configurations.h">
      <Filter>Header Files</Filter>
    </ClInclude>
    <ClInclude Include="SimplicalDecomposition.h">
      <Filter>Header Files</Filter>
    </ClInclude>
    <ClInclude Include="LeximinMaster.h">
      <Filter>Header Files</Filter>
    </ClInclude>
    <ClInclude Include="ReportDistribution.h">
      <Filter>Header Files</Filter>
    </ClInclude>
    <ClInclude Include="SchedulingWeightTard.h">
      <Filter>Header Files</Filter>
    </ClInclude>
    <ClInclude Include="PartitionCallback.h">
      <Filter>Header Files</Filter>
    </ClInclude>
    <ClInclude Include="Ufl.h">
      <Filter>Header Files</Filter>
    </ClInclude>
  </ItemGroup>
  <ItemGroup>
    <ClCompile Include="KidneyExchange.cpp">
      <Filter>Source Files</Filter>
    </ClCompile>
    <ClCompile Include="LotteryDesigner.cpp">
      <Filter>Source Files</Filter>
    </ClCompile>
    <ClCompile Include="SimplicalDecomposition.cpp">
      <Filter>Source Files</Filter>
    </ClCompile>
    <ClCompile Include="Source.cpp">
      <Filter>Source Files</Filter>
    </ClCompile>
    <ClCompile Include="IPConstructors.cpp">
      <Filter>Source Files\IPSolver</Filter>
    </ClCompile>
    <ClCompile Include="IPfunctions_dichotomous.cpp">
      <Filter>Source Files\IPSolver</Filter>
    </ClCompile>
    <ClCompile Include="compare_time_normal_RSD.cpp">
      <Filter>Source Files\RunConfigurations</Filter>
    </ClCompile>
    <ClCompile Include="run_Kidney_Exchange_all.cpp">
      <Filter>Source Files\RunConfigurations</Filter>
    </ClCompile>
    <ClCompile Include="LeximinMaster.cpp">
      <Filter>Source Files</Filter>
    </ClCompile>
    <ClCompile Include="Run_distribution_all_KE.cpp">
      <Filter>Source Files\RunConfigurations</Filter>
    </ClCompile>
    <ClCompile Include="ReportDistribution.cpp">
      <Filter>Source Files</Filter>
    </ClCompile>
    <ClCompile Include="SchedulingWeightTard.cpp">
      <Filter>Source Files</Filter>
    </ClCompile>
    <ClCompile Include="Run_distribution_all_SWT.cpp">
      <Filter>Source Files\RunConfigurations</Filter>
    </ClCompile>
    <ClCompile Include="IPfunctions_cardinal.cpp">
      <Filter>Source Files\IPSolver</Filter>
    </ClCompile>
    <ClCompile Include="Ufl.cpp">
      <Filter>Source Files</Filter>
    </ClCompile>
  </ItemGroup>
</Project>